
Microsoft Visual Studio Solution File, Format Version 12.00
Project("{FAE04EC0-301F-11D3-BF4B-00C04F79EFBC}") = "Box2DBindings", "src\Box2DBindings.csproj", "{B10278C2-ACF7-458B-8B6F-8BBC3E1125B2}"
EndProject
Project("{FAE04EC0-301F-11D3-BF4B-00C04F79EFBC}") = "UnitTests", "UnitTests\UnitTests.csproj", "{F27ACDA2-72AE-482C-AD8C-2BE956BA4873}"
EndProject
Global
	GlobalSection(SolutionConfigurationPlatforms) = preSolution
		Debug|Any CPU = Debug|Any CPU
		Release|Any CPU = Release|Any CPU
	EndGlobalSection
	GlobalSection(ProjectConfigurationPlatforms) = postSolution
		{B10278C2-ACF7-458B-8B6F-8BBC3E1125B2}.Debug|Any CPU.ActiveCfg = Debug|Any CPU
		{B10278C2-ACF7-458B-8B6F-8BBC3E1125B2}.Debug|Any CPU.Build.0 = Debug|Any CPU
		{B10278C2-ACF7-458B-8B6F-8BBC3E1125B2}.Release|Any CPU.ActiveCfg = Release|Any CPU
		{B10278C2-ACF7-458B-8B6F-8BBC3E1125B2}.Release|Any CPU.Build.0 = Release|Any CPU
		{F27ACDA2-72AE-482C-AD8C-2BE956BA4873}.Debug|Any CPU.ActiveCfg = Debug|Any CPU
		{F27ACDA2-72AE-482C-AD8C-2BE956BA4873}.Debug|Any CPU.Build.0 = Debug|Any CPU
		{F27ACDA2-72AE-482C-AD8C-2BE956BA4873}.Release|Any CPU.ActiveCfg = Release|Any CPU
		{F27ACDA2-72AE-482C-AD8C-2BE956BA4873}.Release|Any CPU.Build.0 = Release|Any CPU
	EndGlobalSection
EndGlobal
